
Microsoft Visual Studio Solution File, Format Version 12.00
# Visual Studio Version 17
VisualStudioVersion = 17.8.34316.72
MinimumVisualStudioVersion = 10.0.40219.1
Project("{FAE04EC0-301F-11D3-BF4B-00C04F79EFBC}") = "IntuneWinLib", "IntuneWinLib.csproj", "{EFDCBE07-3031-4E94-A87E-638AE1181779}"
EndProject
Global
	GlobalSection(SolutionConfigurationPlatforms) = preSolution
		Debug|Any CPU = Debug|Any CPU
		Release|Any CPU = Release|Any CPU
	EndGlobalSection
	GlobalSection(ProjectConfigurationPlatforms) = postSolution
		{EFDCBE07-3031-4E94-A87E-638AE1181779}.Debug|Any CPU.ActiveCfg = Debug|Any CPU
		{EFDCBE07-3031-4E94-A87E-638AE1181779}.Debug|Any CPU.Build.0 = Debug|Any CPU
		{EFDCBE07-3031-4E94-A87E-638AE1181779}.Release|Any CPU.ActiveCfg = Release|Any CPU
		{EFDCBE07-3031-4E94-A87E-638AE1181779}.Release|Any CPU.Build.0 = Release|Any CPU
	EndGlobalSection
	GlobalSection(SolutionProperties) = preSolution
		HideSolutionNode = FALSE
	EndGlobalSection
	GlobalSection(ExtensibilityGlobals) = postSolution
		SolutionGuid = {19B0D700-8A89-4AFC-A83E-7E96F131AC9E}
	EndGlobalSection
EndGlobal
